Microsoft Visual Studio Solution File, Format Version 12.00
# Visual Studio 2012
Project("{FAE04EC0-301F-11D3-BF4B-00C04F79EFBC}") = "Footsteps", "Footsteps.csproj", "{A45A9996-A061-4037-B3ED-9A7555F03404}"
EndProject
Global
	GlobalSection(SolutionConfigurationPlatforms) = preSolution
	Debug|Any CPU = Debug|Any CPU
	ExportDebug|Any CPU = ExportDebug|Any CPU
	ExportRelease|Any CPU = ExportRelease|Any CPU
	EndGlobalSection
	GlobalSection(ProjectConfigurationPlatforms) = postSolution
		{A45A9996-A061-4037-B3ED-9A7555F03404}.Debug|Any CPU.ActiveCfg = Debug|Any CPU
		{A45A9996-A061-4037-B3ED-9A7555F03404}.Debug|Any CPU.Build.0 = Debug|Any CPU
		{A45A9996-A061-4037-B3ED-9A7555F03404}.ExportDebug|Any CPU.ActiveCfg = ExportDebug|Any CPU
		{A45A9996-A061-4037-B3ED-9A7555F03404}.ExportDebug|Any CPU.Build.0 = ExportDebug|Any CPU
		{A45A9996-A061-4037-B3ED-9A7555F03404}.ExportRelease|Any CPU.ActiveCfg = ExportRelease|Any CPU
		{A45A9996-A061-4037-B3ED-9A7555F03404}.ExportRelease|Any CPU.Build.0 = ExportRelease|Any CPU
	EndGlobalSection
EndGlobal
